// !$*UTF8*$!
{
	archiveVersion = 1;
	classes = {
	};
	objectVersion = 56;
	objects = {

/* Begin PBXBuildFile section */
		F0232A642B05068F0026129E /* FirebaseAnalytics in Frameworks */ = {isa = PBXBuildFile; productRef = F0232A632B05068F0026129E /* FirebaseAnalytics */; };
		F0232A662B05068F0026129E /* FirebaseAnalyticsOnDeviceConversion in Frameworks */ = {isa = PBXBuildFile; productRef = F0232A652B05068F0026129E /* FirebaseAnalyticsOnDeviceConversion */; };
		F0232A682B05068F0026129E /* FirebaseAnalyticsSwift in Frameworks */ = {isa = PBXBuildFile; productRef = F0232A672B05068F0026129E /* FirebaseAnalyticsSwift */; };
		F0232A6A2B05068F0026129E /* FirebaseAnalyticsWithoutAdIdSupport in Frameworks */ = {isa = PBXBuildFile; productRef = F0232A692B05068F0026129E /* FirebaseAnalyticsWithoutAdIdSupport */; };
		F0232A6C2B05068F0026129E /* FirebaseAppCheck in Frameworks */ = {isa = PBXBuildFile; productRef = F0232A6B2B05068F0026129E /* FirebaseAppCheck */; };
		F0232A6E2B05068F0026129E /* FirebaseAppDistribution-Beta in Frameworks */ = {isa = PBXBuildFile; productRef = F0232A6D2B05068F0026129E /* FirebaseAppDistribution-Beta */; };
		F0232A702B05068F0026129E /* FirebaseAuth in Frameworks */ = {isa = PBXBuildFile; productRef = F0232A6F2B05068F0026129E /* FirebaseAuth */; };
		F0232A732B0508350026129E /* AuthService.swift in Sources */ = {isa = PBXBuildFile; fileRef = F0232A722B0508350026129E /* AuthService.swift */; };
		F0232A752B0509280026129E /* FirebaseAnalytics in Frameworks */ = {isa = PBXBuildFile; productRef = F0232A742B0509280026129E /* FirebaseAnalytics */; };
		F0232A772B0509280026129E /* FirebaseAnalyticsOnDeviceConversion in Frameworks */ = {isa = PBXBuildFile; productRef = F0232A762B0509280026129E /* FirebaseAnalyticsOnDeviceConversion */; };
		F0232A792B0509280026129E /* FirebaseAnalyticsSwift in Frameworks */ = {isa = PBXBuildFile; productRef = F0232A782B0509280026129E /* FirebaseAnalyticsSwift */; };
		F0232A7B2B0509280026129E /* FirebaseAnalyticsWithoutAdIdSupport in Frameworks */ = {isa = PBXBuildFile; productRef = F0232A7A2B0509280026129E /* FirebaseAnalyticsWithoutAdIdSupport */; };
		F0232A7D2B0509280026129E /* FirebaseAppCheck in Frameworks */ = {isa = PBXBuildFile; productRef = F0232A7C2B0509280026129E /* FirebaseAppCheck */; };
		F0232A7F2B0509280026129E /* FirebaseAppDistribution-Beta in Frameworks */ = {isa = PBXBuildFile; productRef = F0232A7E2B0509280026129E /* FirebaseAppDistribution-Beta */; };
		F0232A812B0509280026129E /* FirebaseAuth in Frameworks */ = {isa = PBXBuildFile; productRef = F0232A802B0509280026129E /* FirebaseAuth */; };
		F0232A832B0509280026129E /* FirebaseAuthCombine-Community in Frameworks */ = {isa = PBXBuildFile; productRef = F0232A822B0509280026129E /* FirebaseAuthCombine-Community */; };
		F0232A852B0509280026129E /* FirebaseCrashlytics in Frameworks */ = {isa = PBXBuildFile; productRef = F0232A842B0509280026129E /* FirebaseCrashlytics */; };
		F0232A872B0509280026129E /* FirebaseDatabase in Frameworks */ = {isa = PBXBuildFile; productRef = F0232A862B0509280026129E /* FirebaseDatabase */; };
		F0232A892B0509280026129E /* FirebaseDatabaseSwift in Frameworks */ = {isa = PBXBuildFile; productRef = F0232A882B0509280026129E /* FirebaseDatabaseSwift */; };
		F0232A8B2B0509280026129E /* FirebaseDynamicLinks in Frameworks */ = {isa = PBXBuildFile; productRef = F0232A8A2B0509280026129E /* FirebaseDynamicLinks */; };
		F0232A8D2B0509280026129E /* FirebaseFirestore in Frameworks */ = {isa = PBXBuildFile; productRef = F0232A8C2B0509280026129E /* FirebaseFirestore */; };
		F0232A8F2B0509280026129E /* FirebaseFirestoreCombine-Community in Frameworks */ = {isa = PBXBuildFile; productRef = F0232A8E2B0509280026129E /* FirebaseFirestoreCombine-Community */; };
		F0232A912B0509280026129E /* FirebaseFirestoreSwift in Frameworks */ = {isa = PBXBuildFile; productRef = F0232A902B0509280026129E /* FirebaseFirestoreSwift */; };
		F0232A932B0509280026129E /* FirebaseFunctions in Frameworks */ = {isa = PBXBuildFile; productRef = F0232A922B0509280026129E /* FirebaseFunctions */; };
		F0232A952B0509280026129E /* FirebaseFunctionsCombine-Community in Frameworks */ = {isa = PBXBuildFile; productRef = F0232A942B0509280026129E /* FirebaseFunctionsCombine-Community */; };
		F0232A972B0509280026129E /* FirebaseInAppMessaging-Beta in Frameworks */ = {isa = PBXBuildFile; productRef = F0232A962B0509280026129E /* FirebaseInAppMessaging-Beta */; };
		F0232A992B0509280026129E /* FirebaseInAppMessagingSwift-Beta in Frameworks */ = {isa = PBXBuildFile; productRef = F0232A982B0509280026129E /* FirebaseInAppMessagingSwift-Beta */; };
		F0232A9B2B0509280026129E /* FirebaseInstallations in Frameworks */ = {isa = PBXBuildFile; productRef = F0232A9A2B0509280026129E /* FirebaseInstallations */; };
		F0232A9D2B0509280026129E /* FirebaseMLModelDownloader in Frameworks */ = {isa = PBXBuildFile; productRef = F0232A9C2B0509280026129E /* FirebaseMLModelDownloader */; };
		F0232A9F2B0509280026129E /* FirebaseMessaging in Frameworks */ = {isa = PBXBuildFile; productRef = F0232A9E2B0509280026129E /* FirebaseMessaging */; };
		F0232AA12B0509280026129E /* FirebasePerformance in Frameworks */ = {isa = PBXBuildFile; productRef = F0232AA02B0509280026129E /* FirebasePerformance */; };
		F0232AA32B0509280026129E /* FirebaseRemoteConfig in Frameworks */ = {isa = PBXBuildFile; productRef = F0232AA22B0509280026129E /* FirebaseRemoteConfig */; };
		F0232AA52B0509280026129E /* FirebaseRemoteConfigSwift in Frameworks */ = {isa = PBXBuildFile; productRef = F0232AA42B0509280026129E /* FirebaseRemoteConfigSwift */; };
		F0232AA72B0509280026129E /* FirebaseStorage in Frameworks */ = {isa = PBXBuildFile; productRef = F0232AA62B0509280026129E /* FirebaseStorage */; };
		F0232AA92B0509280026129E /* FirebaseStorageCombine-Community in Frameworks */ = {isa = PBXBuildFile; productRef = F0232AA82B0509280026129E /* FirebaseStorageCombine-Community */; };
		F0232AAD2B0509510026129E /* ContentViewModel.swift in Sources */ = {isa = PBXBuildFile; fileRef = F0232AAC2B0509510026129E /* ContentViewModel.swift */; };
		F0232AB02B050A7C0026129E /* UserService.swift in Sources */ = {isa = PBXBuildFile; fileRef = F0232AAF2B050A7C0026129E /* UserService.swift */; };
		F0232AB32B050AA90026129E /* User.swift in Sources */ = {isa = PBXBuildFile; fileRef = F0232AB22B050AA90026129E /* User.swift */; };
		F04195D42B065B7C006EE3B3 /* FeedViewModel.swift in Sources */ = {isa = PBXBuildFile; fileRef = F04195D32B065B7C006EE3B3 /* FeedViewModel.swift */; };
		F04195D62B065BA2006EE3B3 /* FeedView.swift in Sources */ = {isa = PBXBuildFile; fileRef = F04195D52B065BA2006EE3B3 /* FeedView.swift */; };
		F04195D92B065BC6006EE3B3 /* MainTabView.swift in Sources */ = {isa = PBXBuildFile; fileRef = F04195D82B065BC6006EE3B3 /* MainTabView.swift */; };
		F04195DC2B065D84006EE3B3 /* TweetCell.swift in Sources */ = {isa = PBXBuildFile; fileRef = F04195DB2B065D84006EE3B3 /* TweetCell.swift */; };
		F04195DF2B065DBB006EE3B3 /* CircularProfileImageView.swift in Sources */ = {isa = PBXBuildFile; fileRef = F04195DE2B065DBB006EE3B3 /* CircularProfileImageView.swift */; };
		F04195E22B065DFA006EE3B3 /* Kingfisher in Frameworks */ = {isa = PBXBuildFile; productRef = F04195E12B065DFA006EE3B3 /* Kingfisher */; };
		F04195E52B0663BA006EE3B3 /* HeaderLogo.swift in Sources */ = {isa = PBXBuildFile; fileRef = F04195E42B0663BA006EE3B3 /* HeaderLogo.swift */; };
		F04195E72B066C55006EE3B3 /* Tweet.swift in Sources */ = {isa = PBXBuildFile; fileRef = F04195E62B066C55006EE3B3 /* Tweet.swift */; };
		F047FB192B03CD5E000288AF /* LoginViewModel.swift in Sources */ = {isa = PBXBuildFile; fileRef = F047FB182B03CD5E000288AF /* LoginViewModel.swift */; };
		F047FB1B2B03CD73000288AF /* LoginView.swift in Sources */ = {isa = PBXBuildFile; fileRef = F047FB1A2B03CD73000288AF /* LoginView.swift */; };
		F047FB202B03D7A0000288AF /* RegisterView.swift in Sources */ = {isa = PBXBuildFile; fileRef = F047FB1F2B03D7A0000288AF /* RegisterView.swift */; };
		F047FB232B03D7AB000288AF /* RegisterViewModel.swift in Sources */ = {isa = PBXBuildFile; fileRef = F047FB222B03D7AB000288AF /* RegisterViewModel.swift */; };
		F048DEBF2B02AA05006559C4 /* Twitter_NC1App.swift in Sources */ = {isa = PBXBuildFile; fileRef = F048DEBE2B02AA05006559C4 /* Twitter_NC1App.swift */; };
		F048DEC12B02AA05006559C4 /* ContentView.swift in Sources */ = {isa = PBXBuildFile; fileRef = F048DEC02B02AA05006559C4 /* ContentView.swift */; };
		F048DEC32B02AA06006559C4 /* Assets.xcassets in Resources */ = {isa = PBXBuildFile; fileRef = F048DEC22B02AA06006559C4 /* Assets.xcassets */; };
		F048DEC62B02AA06006559C4 /* Preview Assets.xcassets in Resources */ = {isa = PBXBuildFile; fileRef = F048DEC52B02AA06006559C4 /* Preview Assets.xcassets */; };
		F071E30E2B05395000C58E19 /* View.swift in Sources */ = {isa = PBXBuildFile; fileRef = F071E30D2B05395000C58E19 /* View.swift */; };
		F0EF1A5F2B0503720037B913 /* GoogleService-Info.plist in Resources */ = {isa = PBXBuildFile; fileRef = F0EF1A5E2B0503720037B913 /* GoogleService-Info.plist */; };
/* End PBXBuildFile section */

/* Begin PBXFileReference section */
		F0232A722B0508350026129E /* AuthService.swift */ = {isa = PBXFileReference; lastKnownFileType = sourcecode.swift; path = AuthService.swift; sourceTree = "<group>"; };
		F0232AAC2B0509510026129E /* ContentViewModel.swift */ = {isa = PBXFileReference; lastKnownFileType = sourcecode.swift; path = ContentViewModel.swift; sourceTree = "<group>"; };
		F0232AAF2B050A7C0026129E /* UserService.swift */ = {isa = PBXFileReference; lastKnownFileType = sourcecode.swift; path = UserService.swift; sourceTree = "<group>"; };
		F0232AB22B050AA90026129E /* User.swift */ = {isa = PBXFileReference; lastKnownFileType = sourcecode.swift; path = User.swift; sourceTree = "<group>"; };
		F04195D32B065B7C006EE3B3 /* FeedViewModel.swift */ = {isa = PBXFileReference; lastKnownFileType = sourcecode.swift; path = FeedViewModel.swift; sourceTree = "<group>"; };
		F04195D52B065BA2006EE3B3 /* FeedView.swift */ = {isa = PBXFileReference; lastKnownFileType = sourcecode.swift; path = FeedView.swift; sourceTree = "<group>"; };
		F04195D82B065BC6006EE3B3 /* MainTabView.swift */ = {isa = PBXFileReference; lastKnownFileType = sourcecode.swift; path = MainTabView.swift; sourceTree = "<group>"; };
		F04195DB2B065D84006EE3B3 /* TweetCell.swift */ = {isa = PBXFileReference; lastKnownFileType = sourcecode.swift; path = TweetCell.swift; sourceTree = "<group>"; };
		F04195DE2B065DBB006EE3B3 /* CircularProfileImageView.swift */ = {isa = PBXFileReference; lastKnownFileType = sourcecode.swift; path = CircularProfileImageView.swift; sourceTree = "<group>"; };
		F04195E42B0663BA006EE3B3 /* HeaderLogo.swift */ = {isa = PBXFileReference; lastKnownFileType = sourcecode.swift; path = HeaderLogo.swift; sourceTree = "<group>"; };
		F04195E62B066C55006EE3B3 /* Tweet.swift */ = {isa = PBXFileReference; lastKnownFileType = sourcecode.swift; path = Tweet.swift; sourceTree = "<group>"; };
		F047FB182B03CD5E000288AF /* LoginViewModel.swift */ = {isa = PBXFileReference; lastKnownFileType = sourcecode.swift; path = LoginViewModel.swift; sourceTree = "<group>"; };
		F047FB1A2B03CD73000288AF /* LoginView.swift */ = {isa = PBXFileReference; lastKnownFileType = sourcecode.swift; path = LoginView.swift; sourceTree = "<group>"; };
		F047FB1F2B03D7A0000288AF /* RegisterView.swift */ = {isa = PBXFileReference; lastKnownFileType = sourcecode.swift; path = RegisterView.swift; sourceTree = "<group>"; };
		F047FB222B03D7AB000288AF /* RegisterViewModel.swift */ = {isa = PBXFileReference; lastKnownFileType = sourcecode.swift; path = RegisterViewModel.swift; sourceTree = "<group>"; };
		F048DEBB2B02AA05006559C4 /* Twitter-NC1.app */ = {isa = PBXFileReference; explicitFileType = wrapper.application; includeInIndex = 0; path = "Twitter-NC1.app"; sourceTree = BUILT_PRODUCTS_DIR; };
		F048DEBE2B02AA05006559C4 /* Twitter_NC1App.swift */ = {isa = PBXFileReference; lastKnownFileType = sourcecode.swift; path = Twitter_NC1App.swift; sourceTree = "<group>"; };
		F048DEC02B02AA05006559C4 /* ContentView.swift */ = {isa = PBXFileReference; lastKnownFileType = sourcecode.swift; path = ContentView.swift; sourceTree = "<group>"; };
		F048DEC22B02AA06006559C4 /* Assets.xcassets */ = {isa = PBXFileReference; lastKnownFileType = folder.assetcatalog; path = Assets.xcassets; sourceTree = "<group>"; };
		F048DEC52B02AA06006559C4 /* Preview Assets.xcassets */ = {isa = PBXFileReference; lastKnownFileType = folder.assetcatalog; path = "Preview Assets.xcassets"; sourceTree = "<group>"; };
		F071E30D2B05395000C58E19 /* View.swift */ = {isa = PBXFileReference; lastKnownFileType = sourcecode.swift; path = View.swift; sourceTree = "<group>"; };
		F0EF1A5E2B0503720037B913 /* GoogleService-Info.plist */ = {isa = PBXFileReference; fileEncoding = 4; lastKnownFileType = text.plist.xml; path = "GoogleService-Info.plist"; sourceTree = "<group>"; };
/* End PBXFileReference section */

/* Begin PBXFrameworksBuildPhase section */
		F048DEB82B02AA05006559C4 /* Frameworks */ = {
			isa = PBXFrameworksBuildPhase;
			buildActionMask = 2147483647;
			files = (
				F0232A682B05068F0026129E /* FirebaseAnalyticsSwift in Frameworks */,
				F0232A642B05068F0026129E /* FirebaseAnalytics in Frameworks */,
				F0232AA12B0509280026129E /* FirebasePerformance in Frameworks */,
				F0232A752B0509280026129E /* FirebaseAnalytics in Frameworks */,
				F0232A9B2B0509280026129E /* FirebaseInstallations in Frameworks */,
				F0232A7F2B0509280026129E /* FirebaseAppDistribution-Beta in Frameworks */,
				F0232AA92B0509280026129E /* FirebaseStorageCombine-Community in Frameworks */,
				F0232A972B0509280026129E /* FirebaseInAppMessaging-Beta in Frameworks */,
				F0232A832B0509280026129E /* FirebaseAuthCombine-Community in Frameworks */,
				F04195E22B065DFA006EE3B3 /* Kingfisher in Frameworks */,
				F0232AA72B0509280026129E /* FirebaseStorage in Frameworks */,
				F0232A912B0509280026129E /* FirebaseFirestoreSwift in Frameworks */,
				F0232AA52B0509280026129E /* FirebaseRemoteConfigSwift in Frameworks */,
				F0232A662B05068F0026129E /* FirebaseAnalyticsOnDeviceConversion in Frameworks */,
				F0232A992B0509280026129E /* FirebaseInAppMessagingSwift-Beta in Frameworks */,
				F0232A8F2B0509280026129E /* FirebaseFirestoreCombine-Community in Frameworks */,
				F0232AA32B0509280026129E /* FirebaseRemoteConfig in Frameworks */,
				F0232A812B0509280026129E /* FirebaseAuth in Frameworks */,
				F0232A872B0509280026129E /* FirebaseDatabase in Frameworks */,
				F0232A7D2B0509280026129E /* FirebaseAppCheck in Frameworks */,
				F0232A7B2B0509280026129E /* FirebaseAnalyticsWithoutAdIdSupport in Frameworks */,
				F0232A792B0509280026129E /* FirebaseAnalyticsSwift in Frameworks */,
				F0232A772B0509280026129E /* FirebaseAnalyticsOnDeviceConversion in Frameworks */,
				F0232A8B2B0509280026129E /* FirebaseDynamicLinks in Frameworks */,
				F0232A8D2B0509280026129E /* FirebaseFirestore in Frameworks */,
				F0232A892B0509280026129E /* FirebaseDatabaseSwift in Frameworks */,
				F0232A932B0509280026129E /* FirebaseFunctions in Frameworks */,
				F0232A6C2B05068F0026129E /* FirebaseAppCheck in Frameworks */,
				F0232A6A2B05068F0026129E /* FirebaseAnalyticsWithoutAdIdSupport in Frameworks */,
				F0232A852B0509280026129E /* FirebaseCrashlytics in Frameworks */,
				F0232A702B05068F0026129E /* FirebaseAuth in Frameworks */,
				F0232A6E2B05068F0026129E /* FirebaseAppDistribution-Beta in Frameworks */,
				F0232A9F2B0509280026129E /* FirebaseMessaging in Frameworks */,
				F0232A952B0509280026129E /* FirebaseFunctionsCombine-Community in Frameworks */,
				F0232A9D2B0509280026129E /* FirebaseMLModelDownloader in Frameworks */,
			);
			runOnlyForDeploymentPostprocessing = 0;
		};
/* End PBXFrameworksBuildPhase section */

/* Begin PBXGroup section */
		F0232A712B0507D60026129E /* Services */ = {
			isa = PBXGroup;
			children = (
				F0232A722B0508350026129E /* AuthService.swift */,
				F0232AAF2B050A7C0026129E /* UserService.swift */,
			);
			path = Services;
			sourceTree = "<group>";
		};
		F0232AAA2B0509410026129E /* ViewModel */ = {
			isa = PBXGroup;
			children = (
				F0232AAC2B0509510026129E /* ContentViewModel.swift */,
			);
			path = ViewModel;
			sourceTree = "<group>";
		};
		F0232AAB2B0509450026129E /* View */ = {
			isa = PBXGroup;
			children = (
				F048DEC02B02AA05006559C4 /* ContentView.swift */,
			);
			path = View;
			sourceTree = "<group>";
		};
		F0232AB12B050A9F0026129E /* Models */ = {
			isa = PBXGroup;
			children = (
				F0232AB22B050AA90026129E /* User.swift */,
				F04195E62B066C55006EE3B3 /* Tweet.swift */,
			);
			path = Models;
			sourceTree = "<group>";
		};
		F04195CF2B065AFA006EE3B3 /* MainTabView */ = {
			isa = PBXGroup;
			children = (
				F04195D82B065BC6006EE3B3 /* MainTabView.swift */,
			);
			path = MainTabView;
			sourceTree = "<group>";
		};
		F04195D02B065B22006EE3B3 /* Feed */ = {
			isa = PBXGroup;
			children = (
				F04195D22B065B75006EE3B3 /* View */,
				F04195D12B065B71006EE3B3 /* ViewModel */,
			);
			path = Feed;
			sourceTree = "<group>";
		};
		F04195D12B065B71006EE3B3 /* ViewModel */ = {
			isa = PBXGroup;
			children = (
				F04195D32B065B7C006EE3B3 /* FeedViewModel.swift */,
			);
			path = ViewModel;
			sourceTree = "<group>";
		};
		F04195D22B065B75006EE3B3 /* View */ = {
			isa = PBXGroup;
			children = (
				F04195D52B065BA2006EE3B3 /* FeedView.swift */,
				F04195DB2B065D84006EE3B3 /* TweetCell.swift */,
			);
			path = View;
			sourceTree = "<group>";
		};
		F04195DD2B065D8B006EE3B3 /* Components */ = {
			isa = PBXGroup;
			children = (
				F04195DE2B065DBB006EE3B3 /* CircularProfileImageView.swift */,
				F04195E42B0663BA006EE3B3 /* HeaderLogo.swift */,
			);
			path = Components;
			sourceTree = "<group>";
		};
		F047FB132B03CD36000288AF /* Core */ = {
			isa = PBXGroup;
			children = (
				F047FB242B03D986000288AF /* App */,
				F04195DD2B065D8B006EE3B3 /* Components */,
				F071E30C2B05391C00C58E19 /* Extensions */,
				F0232AB12B050A9F0026129E /* Models */,
				F047FB252B03D99B000288AF /* Root */,
				F0232A712B0507D60026129E /* Services */,
			);
			path = Core;
			sourceTree = "<group>";
		};
		F047FB142B03CD3B000288AF /* Features */ = {
			isa = PBXGroup;
			children = (
				F04195D02B065B22006EE3B3 /* Feed */,
				F047FB152B03CD45000288AF /* Login */,
				F04195CF2B065AFA006EE3B3 /* MainTabView */,
				F047FB1C2B03D77C000288AF /* Register */,
			);
			path = Features;
			sourceTree = "<group>";
		};
		F047FB152B03CD45000288AF /* Login */ = {
			isa = PBXGroup;
			children = (
				F047FB172B03CD51000288AF /* View */,
				F047FB162B03CD4D000288AF /* ViewModel */,
			);
			path = Login;
			sourceTree = "<group>";
		};
		F047FB162B03CD4D000288AF /* ViewModel */ = {
			isa = PBXGroup;
			children = (
				F047FB182B03CD5E000288AF /* LoginViewModel.swift */,
			);
			path = ViewModel;
			sourceTree = "<group>";
		};
		F047FB172B03CD51000288AF /* View */ = {
			isa = PBXGroup;
			children = (
				F047FB1A2B03CD73000288AF /* LoginView.swift */,
			);
			path = View;
			sourceTree = "<group>";
		};
		F047FB1C2B03D77C000288AF /* Register */ = {
			isa = PBXGroup;
			children = (
				F047FB1E2B03D794000288AF /* View */,
				F047FB1D2B03D791000288AF /* ViewModel */,
			);
			path = Register;
			sourceTree = "<group>";
		};
		F047FB1D2B03D791000288AF /* ViewModel */ = {
			isa = PBXGroup;
			children = (
				F047FB222B03D7AB000288AF /* RegisterViewModel.swift */,
			);
			path = ViewModel;
			sourceTree = "<group>";
		};
		F047FB1E2B03D794000288AF /* View */ = {
			isa = PBXGroup;
			children = (
				F047FB1F2B03D7A0000288AF /* RegisterView.swift */,
			);
			path = View;
			sourceTree = "<group>";
		};
		F047FB242B03D986000288AF /* App */ = {
			isa = PBXGroup;
			children = (
				F048DEBE2B02AA05006559C4 /* Twitter_NC1App.swift */,
			);
			path = App;
			sourceTree = "<group>";
		};
		F047FB252B03D99B000288AF /* Root */ = {
			isa = PBXGroup;
			children = (
				F0232AAB2B0509450026129E /* View */,
				F0232AAA2B0509410026129E /* ViewModel */,
			);
			path = Root;
			sourceTree = "<group>";
		};
		F048DEB22B02AA05006559C4 = {
			isa = PBXGroup;
			children = (
				F048DEBD2B02AA05006559C4 /* Twitter-NC1 */,
				F048DEBC2B02AA05006559C4 /* Products */,
			);
			sourceTree = "<group>";
		};
		F048DEBC2B02AA05006559C4 /* Products */ = {
			isa = PBXGroup;
			children = (
				F048DEBB2B02AA05006559C4 /* Twitter-NC1.app */,
			);
			name = Products;
			sourceTree = "<group>";
		};
		F048DEBD2B02AA05006559C4 /* Twitter-NC1 */ = {
			isa = PBXGroup;
			children = (
				F0EF1A5E2B0503720037B913 /* GoogleService-Info.plist */,
				F047FB132B03CD36000288AF /* Core */,
				F047FB142B03CD3B000288AF /* Features */,
				F048DEC22B02AA06006559C4 /* Assets.xcassets */,
				F048DEC42B02AA06006559C4 /* Preview Content */,
			);
			path = "Twitter-NC1";
			sourceTree = "<group>";
		};
		F048DEC42B02AA06006559C4 /* Preview Content */ = {
			isa = PBXGroup;
			children = (
				F048DEC52B02AA06006559C4 /* Preview Assets.xcassets */,
			);
			path = "Preview Content";
			sourceTree = "<group>";
		};
		F071E30C2B05391C00C58E19 /* Extensions */ = {
			isa = PBXGroup;
			children = (
				F071E30D2B05395000C58E19 /* View.swift */,
			);
			path = Extensions;
			sourceTree = "<group>";
		};
/* End PBXGroup section */

/* Begin PBXNativeTarget section */
		F048DEBA2B02AA05006559C4 /* Twitter-NC1 */ = {
			isa = PBXNativeTarget;
			buildConfigurationList = F048DEC92B02AA06006559C4 /* Build configuration list for PBXNativeTarget "Twitter-NC1" */;
			buildPhases = (
				F048DEB72B02AA05006559C4 /* Sources */,
				F048DEB82B02AA05006559C4 /* Frameworks */,
				F048DEB92B02AA05006559C4 /* Resources */,
			);
			buildRules = (
			);
			dependencies = (
			);
			name = "Twitter-NC1";
			packageProductDependencies = (
				F0232A632B05068F0026129E /* FirebaseAnalytics */,
				F0232A652B05068F0026129E /* FirebaseAnalyticsOnDeviceConversion */,
				F0232A672B05068F0026129E /* FirebaseAnalyticsSwift */,
				F0232A692B05068F0026129E /* FirebaseAnalyticsWithoutAdIdSupport */,
				F0232A6B2B05068F0026129E /* FirebaseAppCheck */,
				F0232A6D2B05068F0026129E /* FirebaseAppDistribution-Beta */,
				F0232A6F2B05068F0026129E /* FirebaseAuth */,
				F0232A742B0509280026129E /* FirebaseAnalytics */,
				F0232A762B0509280026129E /* FirebaseAnalyticsOnDeviceConversion */,
				F0232A782B0509280026129E /* FirebaseAnalyticsSwift */,
				F0232A7A2B0509280026129E /* FirebaseAnalyticsWithoutAdIdSupport */,
				F0232A7C2B0509280026129E /* FirebaseAppCheck */,
				F0232A7E2B0509280026129E /* FirebaseAppDistribution-Beta */,
				F0232A802B0509280026129E /* FirebaseAuth */,
				F0232A822B0509280026129E /* FirebaseAuthCombine-Community */,
				F0232A842B0509280026129E /* FirebaseCrashlytics */,
				F0232A862B0509280026129E /* FirebaseDatabase */,
				F0232A882B0509280026129E /* FirebaseDatabaseSwift */,
				F0232A8A2B0509280026129E /* FirebaseDynamicLinks */,
				F0232A8C2B0509280026129E /* FirebaseFirestore */,
				F0232A8E2B0509280026129E /* FirebaseFirestoreCombine-Community */,
				F0232A902B0509280026129E /* FirebaseFirestoreSwift */,
				F0232A922B0509280026129E /* FirebaseFunctions */,
				F0232A942B0509280026129E /* FirebaseFunctionsCombine-Community */,
				F0232A962B0509280026129E /* FirebaseInAppMessaging-Beta */,
				F0232A982B0509280026129E /* FirebaseInAppMessagingSwift-Beta */,
				F0232A9A2B0509280026129E /* FirebaseInstallations */,
				F0232A9C2B0509280026129E /* FirebaseMLModelDownloader */,
				F0232A9E2B0509280026129E /* FirebaseMessaging */,
				F0232AA02B0509280026129E /* FirebasePerformance */,
				F0232AA22B0509280026129E /* FirebaseRemoteConfig */,
				F0232AA42B0509280026129E /* FirebaseRemoteConfigSwift */,
				F0232AA62B0509280026129E /* FirebaseStorage */,
				F0232AA82B0509280026129E /* FirebaseStorageCombine-Community */,
				F04195E12B065DFA006EE3B3 /* Kingfisher */,
			);
			productName = "Twitter-NC1";
			productReference = F048DEBB2B02AA05006559C4 /* Twitter-NC1.app */;
			productType = "com.apple.product-type.application";
		};
/* End PBXNativeTarget section */

/* Begin PBXProject section */
		F048DEB32B02AA05006559C4 /* Project object */ = {
			isa = PBXProject;
			attributes = {
				BuildIndependentTargetsInParallel = 1;
				LastSwiftUpdateCheck = 1500;
				LastUpgradeCheck = 1500;
				TargetAttributes = {
					F048DEBA2B02AA05006559C4 = {
						CreatedOnToolsVersion = 15.0;
					};
				};
			};
			buildConfigurationList = F048DEB62B02AA05006559C4 /* Build configuration list for PBXProject "Twitter-NC1" */;
			compatibilityVersion = "Xcode 14.0";
			developmentRegion = en;
			hasScannedForEncodings = 0;
			knownRegions = (
				en,
				Base,
			);
			mainGroup = F048DEB22B02AA05006559C4;
			packageReferences = (
				F0232A622B05068F0026129E /* XCRemoteSwiftPackageReference "firebase-ios-sdk" */,
				F04195E02B065DFA006EE3B3 /* XCRemoteSwiftPackageReference "Kingfisher" */,
			);
			productRefGroup = F048DEBC2B02AA05006559C4 /* Products */;
			projectDirPath = "";
			projectRoot = "";
			targets = (
				F048DEBA2B02AA05006559C4 /* Twitter-NC1 */,
			);
		};
/* End PBXProject section */

/* Begin PBXResourcesBuildPhase section */
		F048DEB92B02AA05006559C4 /* Resources */ = {
			isa = PBXResourcesBuildPhase;
			buildActionMask = 2147483647;
			files = (
				F048DEC62B02AA06006559C4 /* Preview Assets.xcassets in Resources */,
				F048DEC32B02AA06006559C4 /* Assets.xcassets in Resources */,
				F0EF1A5F2B0503720037B913 /* GoogleService-Info.plist in Resources */,
			);
			runOnlyForDeploymentPostprocessing = 0;
		};
/* End PBXResourcesBuildPhase section */

/* Begin PBXSourcesBuildPhase section */
		F048DEB72B02AA05006559C4 /* Sources */ = {
			isa = PBXSourcesBuildPhase;
			buildActionMask = 2147483647;
			files = (
				F0232AAD2B0509510026129E /* ContentViewModel.swift in Sources */,
				F048DEC12B02AA05006559C4 /* ContentView.swift in Sources */,
				F04195D42B065B7C006EE3B3 /* FeedViewModel.swift in Sources */,
				F04195E72B066C55006EE3B3 /* Tweet.swift in Sources */,
				F0232AB02B050A7C0026129E /* UserService.swift in Sources */,
				F047FB232B03D7AB000288AF /* RegisterViewModel.swift in Sources */,
				F04195E52B0663BA006EE3B3 /* HeaderLogo.swift in Sources */,
				F047FB202B03D7A0000288AF /* RegisterView.swift in Sources */,
				F048DEBF2B02AA05006559C4 /* Twitter_NC1App.swift in Sources */,
				F047FB1B2B03CD73000288AF /* LoginView.swift in Sources */,
				F047FB192B03CD5E000288AF /* LoginViewModel.swift in Sources */,
				F071E30E2B05395000C58E19 /* View.swift in Sources */,
				F04195D62B065BA2006EE3B3 /* FeedView.swift in Sources */,
				F04195D92B065BC6006EE3B3 /* MainTabView.swift in Sources */,
				F04195DC2B065D84006EE3B3 /* TweetCell.swift in Sources */,
				F04195DF2B065DBB006EE3B3 /* CircularProfileImageView.swift in Sources */,
				F0232AB32B050AA90026129E /* User.swift in Sources */,
				F0232A732B0508350026129E /* AuthService.swift in Sources */,
			);
			runOnlyForDeploymentPostprocessing = 0;
		};
/* End PBXSourcesBuildPhase section */

/* Begin XCBuildConfiguration section */
		F048DEC72B02AA06006559C4 /* Debug */ = {
			isa = XCBuildConfiguration;
			buildSettings = {
				ALWAYS_SEARCH_USER_PATHS = NO;
				ASSETCATALOG_COMPILER_GENERATE_SWIFT_ASSET_SYMBOL_EXTENSIONS = YES;
				CLANG_ANALYZER_NONNULL = YES;
				CLANG_ANALYZER_NUMBER_OBJECT_CONVERSION = YES_AGGRESSIVE;
				CLANG_CXX_LANGUAGE_STANDARD = "gnu++20";
				CLANG_ENABLE_MODULES = YES;
				CLANG_ENABLE_OBJC_ARC = YES;
				CLANG_ENABLE_OBJC_WEAK = YES;
				CLANG_WARN_BLOCK_CAPTURE_AUTORELEASING = YES;
				CLANG_WARN_BOOL_CONVERSION = YES;
				CLANG_WARN_COMMA = YES;
				CLANG_WARN_CONSTANT_CONVERSION = YES;
				CLANG_WARN_DEPRECATED_OBJC_IMPLEMENTATIONS = YES;
				CLANG_WARN_DIRECT_OBJC_ISA_USAGE = YES_ERROR;
				CLANG_WARN_DOCUMENTATION_COMMENTS = YES;
				CLANG_WARN_EMPTY_BODY = YES;
				CLANG_WARN_ENUM_CONVERSION = YES;
				CLANG_WARN_INFINITE_RECURSION = YES;
				CLANG_WARN_INT_CONVERSION = YES;
				CLANG_WARN_NON_LITERAL_NULL_CONVERSION = YES;
				CLANG_WARN_OBJC_IMPLICIT_RETAIN_SELF = YES;
				CLANG_WARN_OBJC_LITERAL_CONVERSION = YES;
				CLANG_WARN_OBJC_ROOT_CLASS = YES_ERROR;
				CLANG_WARN_QUOTED_INCLUDE_IN_FRAMEWORK_HEADER = YES;
				CLANG_WARN_RANGE_LOOP_ANALYSIS = YES;
				CLANG_WARN_STRICT_PROTOTYPES = YES;
				CLANG_WARN_SUSPICIOUS_MOVE = YES;
				CLANG_WARN_UNGUARDED_AVAILABILITY = YES_AGGRESSIVE;
				CLANG_WARN_UNREACHABLE_CODE = YES;
				CLANG_WARN__DUPLICATE_METHOD_MATCH = YES;
				COPY_PHASE_STRIP = NO;
				DEBUG_INFORMATION_FORMAT = dwarf;
				ENABLE_STRICT_OBJC_MSGSEND = YES;
				ENABLE_TESTABILITY = YES;
				ENABLE_USER_SCRIPT_SANDBOXING = YES;
				GCC_C_LANGUAGE_STANDARD = gnu17;
				GCC_DYNAMIC_NO_PIC = NO;
				GCC_NO_COMMON_BLOCKS = YES;
				GCC_OPTIMIZATION_LEVEL = 0;
				GCC_PREPROCESSOR_DEFINITIONS = (
					"DEBUG=1",
					"$(inherited)",
				);
				GCC_WARN_64_TO_32_BIT_CONVERSION = YES;
				GCC_WARN_ABOUT_RETURN_TYPE = YES_ERROR;
				GCC_WARN_UNDECLARED_SELECTOR = YES;
				GCC_WARN_UNINITIALIZED_AUTOS = YES_AGGRESSIVE;
				GCC_WARN_UNUSED_FUNCTION = YES;
				GCC_WARN_UNUSED_VARIABLE = YES;
				IPHONEOS_DEPLOYMENT_TARGET = 17.0;
				LOCALIZATION_PREFERS_STRING_CATALOGS = YES;
				MTL_ENABLE_DEBUG_INFO = INCLUDE_SOURCE;
				MTL_FAST_MATH = YES;
				ONLY_ACTIVE_ARCH = YES;
				SDKROOT = iphoneos;
				SWIFT_ACTIVE_COMPILATION_CONDITIONS = "DEBUG $(inherited)";
				SWIFT_OPTIMIZATION_LEVEL = "-Onone";
			};
			name = Debug;
		};
		F048DEC82B02AA06006559C4 /* Release */ = {
			isa = XCBuildConfiguration;
			buildSettings = {
				ALWAYS_SEARCH_USER_PATHS = NO;
				ASSETCATALOG_COMPILER_GENERATE_SWIFT_ASSET_SYMBOL_EXTENSIONS = YES;
				CLANG_ANALYZER_NONNULL = YES;
				CLANG_ANALYZER_NUMBER_OBJECT_CONVERSION = YES_AGGRESSIVE;
				CLANG_CXX_LANGUAGE_STANDARD = "gnu++20";
				CLANG_ENABLE_MODULES = YES;
				CLANG_ENABLE_OBJC_ARC = YES;
				CLANG_ENABLE_OBJC_WEAK = YES;
				CLANG_WARN_BLOCK_CAPTURE_AUTORELEASING = YES;
				CLANG_WARN_BOOL_CONVERSION = YES;
				CLANG_WARN_COMMA = YES;
				CLANG_WARN_CONSTANT_CONVERSION = YES;
				CLANG_WARN_DEPRECATED_OBJC_IMPLEMENTATIONS = YES;
				CLANG_WARN_DIRECT_OBJC_ISA_USAGE = YES_ERROR;
				CLANG_WARN_DOCUMENTATION_COMMENTS = YES;
				CLANG_WARN_EMPTY_BODY = YES;
				CLANG_WARN_ENUM_CONVERSION = YES;
				CLANG_WARN_INFINITE_RECURSION = YES;
				CLANG_WARN_INT_CONVERSION = YES;
				CLANG_WARN_NON_LITERAL_NULL_CONVERSION = YES;
				CLANG_WARN_OBJC_IMPLICIT_RETAIN_SELF = YES;
				CLANG_WARN_OBJC_LITERAL_CONVERSION = YES;
				CLANG_WARN_OBJC_ROOT_CLASS = YES_ERROR;
				CLANG_WARN_QUOTED_INCLUDE_IN_FRAMEWORK_HEADER = YES;
				CLANG_WARN_RANGE_LOOP_ANALYSIS = YES;
				CLANG_WARN_STRICT_PROTOTYPES = YES;
				CLANG_WARN_SUSPICIOUS_MOVE = YES;
				CLANG_WARN_UNGUARDED_AVAILABILITY = YES_AGGRESSIVE;
				CLANG_WARN_UNREACHABLE_CODE = YES;
				CLANG_WARN__DUPLICATE_METHOD_MATCH = YES;
				COPY_PHASE_STRIP = NO;
				DEBUG_INFORMATION_FORMAT = "dwarf-with-dsym";
				ENABLE_NS_ASSERTIONS = NO;
				ENABLE_STRICT_OBJC_MSGSEND = YES;
				ENABLE_USER_SCRIPT_SANDBOXING = YES;
				GCC_C_LANGUAGE_STANDARD = gnu17;
				GCC_NO_COMMON_BLOCKS = YES;
				GCC_WARN_64_TO_32_BIT_CONVERSION = YES;
				GCC_WARN_ABOUT_RETURN_TYPE = YES_ERROR;
				GCC_WARN_UNDECLARED_SELECTOR = YES;
				GCC_WARN_UNINITIALIZED_AUTOS = YES_AGGRESSIVE;
				GCC_WARN_UNUSED_FUNCTION = YES;
				GCC_WARN_UNUSED_VARIABLE = YES;
				IPHONEOS_DEPLOYMENT_TARGET = 17.0;
				LOCALIZATION_PREFERS_STRING_CATALOGS = YES;
				MTL_ENABLE_DEBUG_INFO = NO;
				MTL_FAST_MATH = YES;
				SDKROOT = iphoneos;
				SWIFT_COMPILATION_MODE = wholemodule;
				VALIDATE_PRODUCT = YES;
			};
			name = Release;
		};
		F048DECA2B02AA06006559C4 /* Debug */ = {
			isa = XCBuildConfiguration;
			buildSettings = {
				ASSETCATALOG_COMPILER_APPICON_NAME = AppIcon;
				ASSETCATALOG_COMPILER_GLOBAL_ACCENT_COLOR_NAME = AccentColor;
				CODE_SIGN_STYLE = Automatic;
				CURRENT_PROJECT_VERSION = 1;
				DEVELOPMENT_ASSET_PATHS = "\"Twitter-NC1/Preview Content\"";
				DEVELOPMENT_TEAM = 4Y3SF6KR8W;
				ENABLE_PREVIEWS = YES;
				GENERATE_INFOPLIST_FILE = YES;
				INFOPLIST_KEY_UIApplicationSceneManifest_Generation = YES;
				INFOPLIST_KEY_UIApplicationSupportsIndirectInputEvents = YES;
				INFOPLIST_KEY_UILaunchScreen_Generation = YES;
				INFOPLIST_KEY_UISupportedInterfaceOrientations_iPad = "UIInterfaceOrientationPortrait UIInterfaceOrientationPortraitUpsideDown UIInterfaceOrientationLandscapeLeft UIInterfaceOrientationLandscapeRight";
				INFOPLIST_KEY_UISupportedInterfaceOrientations_iPhone = "UIInterfaceOrientationPortrait UIInterfaceOrientationLandscapeLeft UIInterfaceOrientationLandscapeRight";
				LD_RUNPATH_SEARCH_PATHS = (
					"$(inherited)",
					"@executable_path/Frameworks",
				);
				MARKETING_VERSION = 1.0;
				PRODUCT_BUNDLE_IDENTIFIER = "com.vergaraaa.Twitter-NC1";
				PRODUCT_NAME = "$(TARGET_NAME)";
				SWIFT_EMIT_LOC_STRINGS = YES;
				SWIFT_VERSION = 5.0;
				TARGETED_DEVICE_FAMILY = "1,2";
			};
			name = Debug;
		};
		F048DECB2B02AA06006559C4 /* Release */ = {
			isa = XCBuildConfiguration;
			buildSettings = {
				ASSETCATALOG_COMPILER_APPICON_NAME = AppIcon;
				ASSETCATALOG_COMPILER_GLOBAL_ACCENT_COLOR_NAME = AccentColor;
				CODE_SIGN_STYLE = Automatic;
				CURRENT_PROJECT_VERSION = 1;
				DEVELOPMENT_ASSET_PATHS = "\"Twitter-NC1/Preview Content\"";
				DEVELOPMENT_TEAM = 4Y3SF6KR8W;
				ENABLE_PREVIEWS = YES;
				GENERATE_INFOPLIST_FILE = YES;
				INFOPLIST_KEY_UIApplicationSceneManifest_Generation = YES;
				INFOPLIST_KEY_UIApplicationSupportsIndirectInputEvents = YES;
				INFOPLIST_KEY_UILaunchScreen_Generation = YES;
				INFOPLIST_KEY_UISupportedInterfaceOrientations_iPad = "UIInterfaceOrientationPortrait UIInterfaceOrientationPortraitUpsideDown UIInterfaceOrientationLandscapeLeft UIInterfaceOrientationLandscapeRight";
				INFOPLIST_KEY_UISupportedInterfaceOrientations_iPhone = "UIInterfaceOrientationPortrait UIInterfaceOrientationLandscapeLeft UIInterfaceOrientationLandscapeRight";
				LD_RUNPATH_SEARCH_PATHS = (
					"$(inherited)",
					"@executable_path/Frameworks",
				);
				MARKETING_VERSION = 1.0;
				PRODUCT_BUNDLE_IDENTIFIER = "com.vergaraaa.Twitter-NC1";
				PRODUCT_NAME = "$(TARGET_NAME)";
				SWIFT_EMIT_LOC_STRINGS = YES;
				SWIFT_VERSION = 5.0;
				TARGETED_DEVICE_FAMILY = "1,2";
			};
			name = Release;
		};
/* End XCBuildConfiguration section */

/* Begin XCConfigurationList section */
		F048DEB62B02AA05006559C4 /* Build configuration list for PBXProject "Twitter-NC1" */ = {
			isa = XCConfigurationList;
			buildConfigurations = (
				F048DEC72B02AA06006559C4 /* Debug */,
				F048DEC82B02AA06006559C4 /* Release */,
			);
			defaultConfigurationIsVisible = 0;
			defaultConfigurationName = Release;
		};
		F048DEC92B02AA06006559C4 /* Build configuration list for PBXNativeTarget "Twitter-NC1" */ = {
			isa = XCConfigurationList;
			buildConfigurations = (
				F048DECA2B02AA06006559C4 /* Debug */,
				F048DECB2B02AA06006559C4 /* Release */,
			);
			defaultConfigurationIsVisible = 0;
			defaultConfigurationName = Release;
		};
/* End XCConfigurationList section */

/* Begin XCRemoteSwiftPackageReference section */
		F0232A622B05068F0026129E /* XCRemoteSwiftPackageReference "firebase-ios-sdk" */ = {
			isa = XCRemoteSwiftPackageReference;
			repositoryURL = "https://github.com/firebase/firebase-ios-sdk";
			requirement = {
				kind = upToNextMajorVersion;
				minimumVersion = 10.18.0;
			};
		};
		F04195E02B065DFA006EE3B3 /* XCRemoteSwiftPackageReference "Kingfisher" */ = {
			isa = XCRemoteSwiftPackageReference;
			repositoryURL = "https://github.com/onevcat/Kingfisher";
			requirement = {
				kind = upToNextMajorVersion;
				minimumVersion = 7.10.0;
			};
		};
/* End XCRemoteSwiftPackageReference section */

/* Begin XCSwiftPackageProductDependency section */
		F0232A632B05068F0026129E /* FirebaseAnalytics */ = {
			isa = XCSwiftPackageProductDependency;
			package = F0232A622B05068F0026129E /* XCRemoteSwiftPackageReference "firebase-ios-sdk" */;
			productName = FirebaseAnalytics;
		};
		F0232A652B05068F0026129E /* FirebaseAnalyticsOnDeviceConversion */ = {
			isa = XCSwiftPackageProductDependency;
			package = F0232A622B05068F0026129E /* XCRemoteSwiftPackageReference "firebase-ios-sdk" */;
			productName = FirebaseAnalyticsOnDeviceConversion;
		};
		F0232A672B05068F0026129E /* FirebaseAnalyticsSwift */ = {
			isa = XCSwiftPackageProductDependency;
			package = F0232A622B05068F0026129E /* XCRemoteSwiftPackageReference "firebase-ios-sdk" */;
			productName = FirebaseAnalyticsSwift;
		};
		F0232A692B05068F0026129E /* FirebaseAnalyticsWithoutAdIdSupport */ = {
			isa = XCSwiftPackageProductDependency;
			package = F0232A622B05068F0026129E /* XCRemoteSwiftPackageReference "firebase-ios-sdk" */;
			productName = FirebaseAnalyticsWithoutAdIdSupport;
		};
		F0232A6B2B05068F0026129E /* FirebaseAppCheck */ = {
			isa = XCSwiftPackageProductDependency;
			package = F0232A622B05068F0026129E /* XCRemoteSwiftPackageReference "firebase-ios-sdk" */;
			productName = FirebaseAppCheck;
		};
		F0232A6D2B05068F0026129E /* FirebaseAppDistribution-Beta */ = {
			isa = XCSwiftPackageProductDependency;
			package = F0232A622B05068F0026129E /* XCRemoteSwiftPackageReference "firebase-ios-sdk" */;
			productName = "FirebaseAppDistribution-Beta";
		};
		F0232A6F2B05068F0026129E /* FirebaseAuth */ = {
			isa = XCSwiftPackageProductDependency;
			package = F0232A622B05068F0026129E /* XCRemoteSwiftPackageReference "firebase-ios-sdk" */;
			productName = FirebaseAuth;
		};
		F0232A742B0509280026129E /* FirebaseAnalytics */ = {
			isa = XCSwiftPackageProductDependency;
			package = F0232A622B05068F0026129E /* XCRemoteSwiftPackageReference "firebase-ios-sdk" */;
			productName = FirebaseAnalytics;
		};
		F0232A762B0509280026129E /* FirebaseAnalyticsOnDeviceConversion */ = {
			isa = XCSwiftPackageProductDependency;
			package = F0232A622B05068F0026129E /* XCRemoteSwiftPackageReference "firebase-ios-sdk" */;
			productName = FirebaseAnalyticsOnDeviceConversion;
		};
		F0232A782B0509280026129E /* FirebaseAnalyticsSwift */ = {
			isa = XCSwiftPackageProductDependency;
			package = F0232A622B05068F0026129E /* XCRemoteSwiftPackageReference "firebase-ios-sdk" */;
			productName = FirebaseAnalyticsSwift;
		};
		F0232A7A2B0509280026129E /* FirebaseAnalyticsWithoutAdIdSupport */ = {
			isa = XCSwiftPackageProductDependency;
			package = F0232A622B05068F0026129E /* XCRemoteSwiftPackageReference "firebase-ios-sdk" */;
			productName = FirebaseAnalyticsWithoutAdIdSupport;
		};
		F0232A7C2B0509280026129E /* FirebaseAppCheck */ = {
			isa = XCSwiftPackageProductDependency;
			package = F0232A622B05068F0026129E /* XCRemoteSwiftPackageReference "firebase-ios-sdk" */;
			productName = FirebaseAppCheck;
		};
		F0232A7E2B0509280026129E /* FirebaseAppDistribution-Beta */ = {
			isa = XCSwiftPackageProductDependency;
			package = F0232A622B05068F0026129E /* XCRemoteSwiftPackageReference "firebase-ios-sdk" */;
			productName = "FirebaseAppDistribution-Beta";
		};
		F0232A802B0509280026129E /* FirebaseAuth */ = {
			isa = XCSwiftPackageProductDependency;
			package = F0232A622B05068F0026129E /* XCRemoteSwiftPackageReference "firebase-ios-sdk" */;
			productName = FirebaseAuth;
		};
		F0232A822B0509280026129E /* FirebaseAuthCombine-Community */ = {
			isa = XCSwiftPackageProductDependency;
			package = F0232A622B05068F0026129E /* XCRemoteSwiftPackageReference "firebase-ios-sdk" */;
			productName = "FirebaseAuthCombine-Community";
		};
		F0232A842B0509280026129E /* FirebaseCrashlytics */ = {
			isa = XCSwiftPackageProductDependency;
			package = F0232A622B05068F0026129E /* XCRemoteSwiftPackageReference "firebase-ios-sdk" */;
			productName = FirebaseCrashlytics;
		};
		F0232A862B0509280026129E /* FirebaseDatabase */ = {
			isa = XCSwiftPackageProductDependency;
			package = F0232A622B05068F0026129E /* XCRemoteSwiftPackageReference "firebase-ios-sdk" */;
			productName = FirebaseDatabase;
		};
		F0232A882B0509280026129E /* FirebaseDatabaseSwift */ = {
			isa = XCSwiftPackageProductDependency;
			package = F0232A622B05068F0026129E /* XCRemoteSwiftPackageReference "firebase-ios-sdk" */;
			productName = FirebaseDatabaseSwift;
		};
		F0232A8A2B0509280026129E /* FirebaseDynamicLinks */ = {
			isa = XCSwiftPackageProductDependency;
			package = F0232A622B05068F0026129E /* XCRemoteSwiftPackageReference "firebase-ios-sdk" */;
			productName = FirebaseDynamicLinks;
		};
		F0232A8C2B0509280026129E /* FirebaseFirestore */ = {
			isa = XCSwiftPackageProductDependency;
			package = F0232A622B05068F0026129E /* XCRemoteSwiftPackageReference "firebase-ios-sdk" */;
			productName = FirebaseFirestore;
		};
		F0232A8E2B0509280026129E /* FirebaseFirestoreCombine-Community */ = {
			isa = XCSwiftPackageProductDependency;
			package = F0232A622B05068F0026129E /* XCRemoteSwiftPackageReference "firebase-ios-sdk" */;
			productName = "FirebaseFirestoreCombine-Community";
		};
		F0232A902B0509280026129E /* FirebaseFirestoreSwift */ = {
			isa = XCSwiftPackageProductDependency;
			package = F0232A622B05068F0026129E /* XCRemoteSwiftPackageReference "firebase-ios-sdk" */;
			productName = FirebaseFirestoreSwift;
		};
		F0232A922B0509280026129E /* FirebaseFunctions */ = {
			isa = XCSwiftPackageProductDependency;
			package = F0232A622B05068F0026129E /* XCRemoteSwiftPackageReference "firebase-ios-sdk" */;
			productName = FirebaseFunctions;
		};
		F0232A942B0509280026129E /* FirebaseFunctionsCombine-Community */ = {
			isa = XCSwiftPackageProductDependency;
			package = F0232A622B05068F0026129E /* XCRemoteSwiftPackageReference "firebase-ios-sdk" */;
			productName = "FirebaseFunctionsCombine-Community";
		};
		F0232A962B0509280026129E /* FirebaseInAppMessaging-Beta */ = {
			isa = XCSwiftPackageProductDependency;
			package = F0232A622B05068F0026129E /* XCRemoteSwiftPackageReference "firebase-ios-sdk" */;
			productName = "FirebaseInAppMessaging-Beta";
		};
		F0232A982B0509280026129E /* FirebaseInAppMessagingSwift-Beta */ = {
			isa = XCSwiftPackageProductDependency;
			package = F0232A622B05068F0026129E /* XCRemoteSwiftPackageReference "firebase-ios-sdk" */;
			productName = "FirebaseInAppMessagingSwift-Beta";
		};
		F0232A9A2B0509280026129E /* FirebaseInstallations */ = {
			isa = XCSwiftPackageProductDependency;
			package = F0232A622B05068F0026129E /* XCRemoteSwiftPackageReference "firebase-ios-sdk" */;
			productName = FirebaseInstallations;
		};
		F0232A9C2B0509280026129E /* FirebaseMLModelDownloader */ = {
			isa = XCSwiftPackageProductDependency;
			package = F0232A622B05068F0026129E /* XCRemoteSwiftPackageReference "firebase-ios-sdk" */;
			productName = FirebaseMLModelDownloader;
		};
		F0232A9E2B0509280026129E /* FirebaseMessaging */ = {
			isa = XCSwiftPackageProductDependency;
			package = F0232A622B05068F0026129E /* XCRemoteSwiftPackageReference "firebase-ios-sdk" */;
			productName = FirebaseMessaging;
		};
		F0232AA02B0509280026129E /* FirebasePerformance */ = {
			isa = XCSwiftPackageProductDependency;
			package = F0232A622B05068F0026129E /* XCRemoteSwiftPackageReference "firebase-ios-sdk" */;
			productName = FirebasePerformance;
		};
		F0232AA22B0509280026129E /* FirebaseRemoteConfig */ = {
			isa = XCSwiftPackageProductDependency;
			package = F0232A622B05068F0026129E /* XCRemoteSwiftPackageReference "firebase-ios-sdk" */;
			productName = FirebaseRemoteConfig;
		};
		F0232AA42B0509280026129E /* FirebaseRemoteConfigSwift */ = {
			isa = XCSwiftPackageProductDependency;
			package = F0232A622B05068F0026129E /* XCRemoteSwiftPackageReference "firebase-ios-sdk" */;
			productName = FirebaseRemoteConfigSwift;
		};
		F0232AA62B0509280026129E /* FirebaseStorage */ = {
			isa = XCSwiftPackageProductDependency;
			package = F0232A622B05068F0026129E /* XCRemoteSwiftPackageReference "firebase-ios-sdk" */;
			productName = FirebaseStorage;
		};
		F0232AA82B0509280026129E /* FirebaseStorageCombine-Community */ = {
			isa = XCSwiftPackageProductDependency;
			package = F0232A622B05068F0026129E /* XCRemoteSwiftPackageReference "firebase-ios-sdk" */;
			productName = "FirebaseStorageCombine-Community";
		};
		F04195E12B065DFA006EE3B3 /* Kingfisher */ = {
			isa = XCSwiftPackageProductDependency;
			package = F04195E02B065DFA006EE3B3 /* XCRemoteSwiftPackageReference "Kingfisher" */;
			productName = Kingfisher;
		};
/* End XCSwiftPackageProductDependency section */
	};
	rootObject = F048DEB32B02AA05006559C4 /* Project object */;
}
